
Microsoft Visual Studio Solution File, Format Version 12.00
# Visual Studio 15
VisualStudioVersion = 15.0.27428.2037
MinimumVisualStudioVersion = 10.0.40219.1
Project("{8BC9CEB8-8B4A-11D0-8D11-00A0C91BC942}") = "bmds_models", "modelsrc\bmds_models.vcxproj", "{47745477-A033-48B0-A88C-B38416C2CE69}"
EndProject
Project("{8BC9CEB8-8B4A-11D0-8D11-00A0C91BC942}") = "model_test_cli", "testsrc\model_test_cli.vcxproj", "{59822CE4-41E7-4C06-93D7-CFF098D2887A}"
EndProject
Project("{8BC9CEB8-8B4A-11D0-8D11-00A0C91BC942}") = "ma_test_cli", "ma_test\ma_test_cli.vcxproj", "{AA170D2B-67E7-40B1-85DD-2F5D7B172A89}"
EndProject
Project("{8BC9CEB8-8B4A-11D0-8D11-00A0C91BC942}") = "cmodels", "cmodels\cmodels.vcxproj", "{244CED12-9BD8-4EB8-AC27-4C41557FEB9D}"
EndProject
Project("{8BC9CEB8-8B4A-11D0-8D11-00A0C91BC942}") = "cmodel_test_cli", "testsrc_cmodels\cmodel_test_cli.vcxproj", "{91D58F4E-BD0B-4069-B764-151E6FECF6AE}"
EndProject
Project("{8BC9CEB8-8B4A-11D0-8D11-00A0C91BC942}") = "ms_combo", "ms_combo\ms_combo.vcxproj", "{CA74635C-9F98-476E-A844-B58B85C7131D}"
EndProject
Project("{8BC9CEB8-8B4A-11D0-8D11-00A0C91BC942}") = "Assist", "Assist\Assist.vcxproj", "{46B24610-8AED-4FB0-9B57-70F859C9D078}"
EndProject
Project("{8BC9CEB8-8B4A-11D0-8D11-00A0C91BC942}") = "ms_combo_test", "test_ms_combo\test_ms_combo.vcxproj", "{44D90C23-C74F-49EB-979C-E6DDD18FC5FC}"
EndProject
Project("{8BC9CEB8-8B4A-11D0-8D11-00A0C91BC942}") = "test_nested", "test_nested\test_nested.vcxproj", "{73586B17-4CCC-4ED3-8839-1200A13F3824}"
EndProject
Project("{8BC9CEB8-8B4A-11D0-8D11-00A0C91BC942}") = "nlopt", "..\nlopt\nlopt.vcxproj", "{877B317B-C617-3A4E-9DDC-5C86DD3FE1B9}"
EndProject
Project("{8BC9CEB8-8B4A-11D0-8D11-00A0C91BC942}") = "testcma", "testcma\testcma.vcxproj", "{1B891B21-DAF5-4C45-9DB3-3DFF968895D5}"
	ProjectSection(ProjectDependencies) = postProject
		{244CED12-9BD8-4EB8-AC27-4C41557FEB9D} = {244CED12-9BD8-4EB8-AC27-4C41557FEB9D}
	EndProjectSection
EndProject
Global
	GlobalSection(SolutionConfigurationPlatforms) = preSolution
		Debug|x64 = Debug|x64
		Debug|x86 = Debug|x86
		MinSizeRel|x64 = MinSizeRel|x64
		MinSizeRel|x86 = MinSizeRel|x86
		Release|x64 = Release|x64
		Release|x86 = Release|x86
		RelLog|x64 = RelLog|x64
		RelLog|x86 = RelLog|x86
		RelWithDebInfo|x64 = RelWithDebInfo|x64
		RelWithDebInfo|x86 = RelWithDebInfo|x86
	EndGlobalSection
	GlobalSection(ProjectConfigurationPlatforms) = postSolution
		{47745477-A033-48B0-A88C-B38416C2CE69}.Debug|x64.ActiveCfg = Debug|x64
		{47745477-A033-48B0-A88C-B38416C2CE69}.Debug|x64.Build.0 = Debug|x64
		{47745477-A033-48B0-A88C-B38416C2CE69}.Debug|x86.ActiveCfg = Debug|Win32
		{47745477-A033-48B0-A88C-B38416C2CE69}.Debug|x86.Build.0 = Debug|Win32
		{47745477-A033-48B0-A88C-B38416C2CE69}.MinSizeRel|x64.ActiveCfg = Release|x64
		{47745477-A033-48B0-A88C-B38416C2CE69}.MinSizeRel|x64.Build.0 = Release|x64
		{47745477-A033-48B0-A88C-B38416C2CE69}.MinSizeRel|x86.ActiveCfg = Release|Win32
		{47745477-A033-48B0-A88C-B38416C2CE69}.MinSizeRel|x86.Build.0 = Release|Win32
		{47745477-A033-48B0-A88C-B38416C2CE69}.Release|x64.ActiveCfg = Release|x64
		{47745477-A033-48B0-A88C-B38416C2CE69}.Release|x64.Build.0 = Release|x64
		{47745477-A033-48B0-A88C-B38416C2CE69}.Release|x86.ActiveCfg = Release|Win32
		{47745477-A033-48B0-A88C-B38416C2CE69}.Release|x86.Build.0 = Release|Win32
		{47745477-A033-48B0-A88C-B38416C2CE69}.RelLog|x64.ActiveCfg = RelLog|x64
		{47745477-A033-48B0-A88C-B38416C2CE69}.RelLog|x64.Build.0 = RelLog|x64
		{47745477-A033-48B0-A88C-B38416C2CE69}.RelLog|x86.ActiveCfg = Release|Win32
		{47745477-A033-48B0-A88C-B38416C2CE69}.RelLog|x86.Build.0 = Release|Win32
		{47745477-A033-48B0-A88C-B38416C2CE69}.RelWithDebInfo|x64.ActiveCfg = Release|x64
		{47745477-A033-48B0-A88C-B38416C2CE69}.RelWithDebInfo|x64.Build.0 = Release|x64
		{47745477-A033-48B0-A88C-B38416C2CE69}.RelWithDebInfo|x86.ActiveCfg = Release|Win32
		{47745477-A033-48B0-A88C-B38416C2CE69}.RelWithDebInfo|x86.Build.0 = Release|Win32
		{59822CE4-41E7-4C06-93D7-CFF098D2887A}.Debug|x64.ActiveCfg = Debug|x64
		{59822CE4-41E7-4C06-93D7-CFF098D2887A}.Debug|x64.Build.0 = Debug|x64
		{59822CE4-41E7-4C06-93D7-CFF098D2887A}.Debug|x86.ActiveCfg = Debug|Win32
		{59822CE4-41E7-4C06-93D7-CFF098D2887A}.Debug|x86.Build.0 = Debug|Win32
		{59822CE4-41E7-4C06-93D7-CFF098D2887A}.MinSizeRel|x64.ActiveCfg = Release|x64
		{59822CE4-41E7-4C06-93D7-CFF098D2887A}.MinSizeRel|x64.Build.0 = Release|x64
		{59822CE4-41E7-4C06-93D7-CFF098D2887A}.MinSizeRel|x86.ActiveCfg = Release|Win32
		{59822CE4-41E7-4C06-93D7-CFF098D2887A}.MinSizeRel|x86.Build.0 = Release|Win32
		{59822CE4-41E7-4C06-93D7-CFF098D2887A}.Release|x64.ActiveCfg = Release|x64
		{59822CE4-41E7-4C06-93D7-CFF098D2887A}.Release|x64.Build.0 = Release|x64
		{59822CE4-41E7-4C06-93D7-CFF098D2887A}.Release|x86.ActiveCfg = Release|Win32
		{59822CE4-41E7-4C06-93D7-CFF098D2887A}.Release|x86.Build.0 = Release|Win32
		{59822CE4-41E7-4C06-93D7-CFF098D2887A}.RelLog|x64.ActiveCfg = Release|x64
		{59822CE4-41E7-4C06-93D7-CFF098D2887A}.RelLog|x64.Build.0 = Release|x64
		{59822CE4-41E7-4C06-93D7-CFF098D2887A}.RelLog|x86.ActiveCfg = Release|Win32
		{59822CE4-41E7-4C06-93D7-CFF098D2887A}.RelLog|x86.Build.0 = Release|Win32
		{59822CE4-41E7-4C06-93D7-CFF098D2887A}.RelWithDebInfo|x64.ActiveCfg = Release|x64
		{59822CE4-41E7-4C06-93D7-CFF098D2887A}.RelWithDebInfo|x64.Build.0 = Release|x64
		{59822CE4-41E7-4C06-93D7-CFF098D2887A}.RelWithDebInfo|x86.ActiveCfg = Release|Win32
		{59822CE4-41E7-4C06-93D7-CFF098D2887A}.RelWithDebInfo|x86.Build.0 = Release|Win32
		{AA170D2B-67E7-40B1-85DD-2F5D7B172A89}.Debug|x64.ActiveCfg = Debug|x64
		{AA170D2B-67E7-40B1-85DD-2F5D7B172A89}.Debug|x64.Build.0 = Debug|x64
		{AA170D2B-67E7-40B1-85DD-2F5D7B172A89}.Debug|x86.ActiveCfg = Debug|Win32
		{AA170D2B-67E7-40B1-85DD-2F5D7B172A89}.Debug|x86.Build.0 = Debug|Win32
		{AA170D2B-67E7-40B1-85DD-2F5D7B172A89}.MinSizeRel|x64.ActiveCfg = Release|x64
		{AA170D2B-67E7-40B1-85DD-2F5D7B172A89}.MinSizeRel|x64.Build.0 = Release|x64
		{AA170D2B-67E7-40B1-85DD-2F5D7B172A89}.MinSizeRel|x86.ActiveCfg = Release|Win32
		{AA170D2B-67E7-40B1-85DD-2F5D7B172A89}.MinSizeRel|x86.Build.0 = Release|Win32
		{AA170D2B-67E7-40B1-85DD-2F5D7B172A89}.Release|x64.ActiveCfg = Release|x64
		{AA170D2B-67E7-40B1-85DD-2F5D7B172A89}.Release|x64.Build.0 = Release|x64
		{AA170D2B-67E7-40B1-85DD-2F5D7B172A89}.Release|x86.ActiveCfg = Release|Win32
		{AA170D2B-67E7-40B1-85DD-2F5D7B172A89}.Release|x86.Build.0 = Release|Win32
		{AA170D2B-67E7-40B1-85DD-2F5D7B172A89}.RelLog|x64.ActiveCfg = Release|x64
		{AA170D2B-67E7-40B1-85DD-2F5D7B172A89}.RelLog|x64.Build.0 = Release|x64
		{AA170D2B-67E7-40B1-85DD-2F5D7B172A89}.RelLog|x86.ActiveCfg = Release|Win32
		{AA170D2B-67E7-40B1-85DD-2F5D7B172A89}.RelLog|x86.Build.0 = Release|Win32
		{AA170D2B-67E7-40B1-85DD-2F5D7B172A89}.RelWithDebInfo|x64.ActiveCfg = Release|x64
		{AA170D2B-67E7-40B1-85DD-2F5D7B172A89}.RelWithDebInfo|x64.Build.0 = Release|x64
		{AA170D2B-67E7-40B1-85DD-2F5D7B172A89}.RelWithDebInfo|x86.ActiveCfg = Release|Win32
		{AA170D2B-67E7-40B1-85DD-2F5D7B172A89}.RelWithDebInfo|x86.Build.0 = Release|Win32
		{244CED12-9BD8-4EB8-AC27-4C41557FEB9D}.Debug|x64.ActiveCfg = Debug|x64
		{244CED12-9BD8-4EB8-AC27-4C41557FEB9D}.Debug|x64.Build.0 = Debug|x64
		{244CED12-9BD8-4EB8-AC27-4C41557FEB9D}.Debug|x86.ActiveCfg = Debug|Win32
		{244CED12-9BD8-4EB8-AC27-4C41557FEB9D}.Debug|x86.Build.0 = Debug|Win32
		{244CED12-9BD8-4EB8-AC27-4C41557FEB9D}.MinSizeRel|x64.ActiveCfg = Release|x64
		{244CED12-9BD8-4EB8-AC27-4C41557FEB9D}.MinSizeRel|x64.Build.0 = Release|x64
		{244CED12-9BD8-4EB8-AC27-4C41557FEB9D}.MinSizeRel|x86.ActiveCfg = Release|Win32
		{244CED12-9BD8-4EB8-AC27-4C41557FEB9D}.MinSizeRel|x86.Build.0 = Release|Win32
		{244CED12-9BD8-4EB8-AC27-4C41557FEB9D}.Release|x64.ActiveCfg = Release|x64
		{244CED12-9BD8-4EB8-AC27-4C41557FEB9D}.Release|x64.Build.0 = Release|x64
		{244CED12-9BD8-4EB8-AC27-4C41557FEB9D}.Release|x86.ActiveCfg = Release|Win32
		{244CED12-9BD8-4EB8-AC27-4C41557FEB9D}.Release|x86.Build.0 = Release|Win32
		{244CED12-9BD8-4EB8-AC27-4C41557FEB9D}.RelLog|x64.ActiveCfg = RelLog|x64
		{244CED12-9BD8-4EB8-AC27-4C41557FEB9D}.RelLog|x64.Build.0 = RelLog|x64
		{244CED12-9BD8-4EB8-AC27-4C41557FEB9D}.RelLog|x86.ActiveCfg = RelLog|Win32
		{244CED12-9BD8-4EB8-AC27-4C41557FEB9D}.RelLog|x86.Build.0 = RelLog|Win32
		{244CED12-9BD8-4EB8-AC27-4C41557FEB9D}.RelWithDebInfo|x64.ActiveCfg = Release|x64
		{244CED12-9BD8-4EB8-AC27-4C41557FEB9D}.RelWithDebInfo|x64.Build.0 = Release|x64
		{244CED12-9BD8-4EB8-AC27-4C41557FEB9D}.RelWithDebInfo|x86.ActiveCfg = Release|Win32
		{244CED12-9BD8-4EB8-AC27-4C41557FEB9D}.RelWithDebInfo|x86.Build.0 = Release|Win32
		{91D58F4E-BD0B-4069-B764-151E6FECF6AE}.Debug|x64.ActiveCfg = Debug|x64
		{91D58F4E-BD0B-4069-B764-151E6FECF6AE}.Debug|x64.Build.0 = Debug|x64
		{91D58F4E-BD0B-4069-B764-151E6FECF6AE}.Debug|x86.ActiveCfg = Debug|Win32
		{91D58F4E-BD0B-4069-B764-151E6FECF6AE}.Debug|x86.Build.0 = Debug|Win32
		{91D58F4E-BD0B-4069-B764-151E6FECF6AE}.MinSizeRel|x64.ActiveCfg = Release|x64
		{91D58F4E-BD0B-4069-B764-151E6FECF6AE}.MinSizeRel|x64.Build.0 = Release|x64
		{91D58F4E-BD0B-4069-B764-151E6FECF6AE}.MinSizeRel|x86.ActiveCfg = Release|Win32
		{91D58F4E-BD0B-4069-B764-151E6FECF6AE}.MinSizeRel|x86.Build.0 = Release|Win32
		{91D58F4E-BD0B-4069-B764-151E6FECF6AE}.Release|x64.ActiveCfg = Release|x64
		{91D58F4E-BD0B-4069-B764-151E6FECF6AE}.Release|x64.Build.0 = Release|x64
		{91D58F4E-BD0B-4069-B764-151E6FECF6AE}.Release|x86.ActiveCfg = Release|Win32
		{91D58F4E-BD0B-4069-B764-151E6FECF6AE}.Release|x86.Build.0 = Release|Win32
		{91D58F4E-BD0B-4069-B764-151E6FECF6AE}.RelLog|x64.ActiveCfg = Release|x64
		{91D58F4E-BD0B-4069-B764-151E6FECF6AE}.RelLog|x64.Build.0 = Release|x64
		{91D58F4E-BD0B-4069-B764-151E6FECF6AE}.RelLog|x86.ActiveCfg = RelLog|Win32
		{91D58F4E-BD0B-4069-B764-151E6FECF6AE}.RelLog|x86.Build.0 = RelLog|Win32
		{91D58F4E-BD0B-4069-B764-151E6FECF6AE}.RelWithDebInfo|x64.ActiveCfg = Release|x64
		{91D58F4E-BD0B-4069-B764-151E6FECF6AE}.RelWithDebInfo|x64.Build.0 = Release|x64
		{91D58F4E-BD0B-4069-B764-151E6FECF6AE}.RelWithDebInfo|x86.ActiveCfg = Release|Win32
		{91D58F4E-BD0B-4069-B764-151E6FECF6AE}.RelWithDebInfo|x86.Build.0 = Release|Win32
		{CA74635C-9F98-476E-A844-B58B85C7131D}.Debug|x64.ActiveCfg = Debug|x64
		{CA74635C-9F98-476E-A844-B58B85C7131D}.Debug|x86.ActiveCfg = Debug|Win32
		{CA74635C-9F98-476E-A844-B58B85C7131D}.MinSizeRel|x64.ActiveCfg = Release|x64
		{CA74635C-9F98-476E-A844-B58B85C7131D}.MinSizeRel|x64.Build.0 = Release|x64
		{CA74635C-9F98-476E-A844-B58B85C7131D}.MinSizeRel|x86.ActiveCfg = Release|Win32
		{CA74635C-9F98-476E-A844-B58B85C7131D}.MinSizeRel|x86.Build.0 = Release|Win32
		{CA74635C-9F98-476E-A844-B58B85C7131D}.Release|x64.ActiveCfg = Release|x64
		{CA74635C-9F98-476E-A844-B58B85C7131D}.Release|x86.ActiveCfg = Release|Win32
		{CA74635C-9F98-476E-A844-B58B85C7131D}.RelLog|x64.ActiveCfg = Release|x64
		{CA74635C-9F98-476E-A844-B58B85C7131D}.RelLog|x64.Build.0 = Release|x64
		{CA74635C-9F98-476E-A844-B58B85C7131D}.RelLog|x86.ActiveCfg = Release|Win32
		{CA74635C-9F98-476E-A844-B58B85C7131D}.RelLog|x86.Build.0 = Release|Win32
		{CA74635C-9F98-476E-A844-B58B85C7131D}.RelWithDebInfo|x64.ActiveCfg = Release|x64
		{CA74635C-9F98-476E-A844-B58B85C7131D}.RelWithDebInfo|x64.Build.0 = Release|x64
		{CA74635C-9F98-476E-A844-B58B85C7131D}.RelWithDebInfo|x86.ActiveCfg = Release|Win32
		{CA74635C-9F98-476E-A844-B58B85C7131D}.RelWithDebInfo|x86.Build.0 = Release|Win32
		{46B24610-8AED-4FB0-9B57-70F859C9D078}.Debug|x64.ActiveCfg = Debug|x64
		{46B24610-8AED-4FB0-9B57-70F859C9D078}.Debug|x86.ActiveCfg = Debug|Win32
		{46B24610-8AED-4FB0-9B57-70F859C9D078}.MinSizeRel|x64.ActiveCfg = Release|x64
		{46B24610-8AED-4FB0-9B57-70F859C9D078}.MinSizeRel|x64.Build.0 = Release|x64
		{46B24610-8AED-4FB0-9B57-70F859C9D078}.MinSizeRel|x86.ActiveCfg = Release|Win32
		{46B24610-8AED-4FB0-9B57-70F859C9D078}.MinSizeRel|x86.Build.0 = Release|Win32
		{46B24610-8AED-4FB0-9B57-70F859C9D078}.Release|x64.ActiveCfg = Release|x64
		{46B24610-8AED-4FB0-9B57-70F859C9D078}.Release|x86.ActiveCfg = Release|Win32
		{46B24610-8AED-4FB0-9B57-70F859C9D078}.RelLog|x64.ActiveCfg = Release|x64
		{46B24610-8AED-4FB0-9B57-70F859C9D078}.RelLog|x86.ActiveCfg = Release|Win32
		{46B24610-8AED-4FB0-9B57-70F859C9D078}.RelWithDebInfo|x64.ActiveCfg = Release|x64
		{46B24610-8AED-4FB0-9B57-70F859C9D078}.RelWithDebInfo|x64.Build.0 = Release|x64
		{46B24610-8AED-4FB0-9B57-70F859C9D078}.RelWithDebInfo|x86.ActiveCfg = Release|Win32
		{46B24610-8AED-4FB0-9B57-70F859C9D078}.RelWithDebInfo|x86.Build.0 = Release|Win32
		{44D90C23-C74F-49EB-979C-E6DDD18FC5FC}.Debug|x64.ActiveCfg = Debug|x64
		{44D90C23-C74F-49EB-979C-E6DDD18FC5FC}.Debug|x64.Build.0 = Debug|x64
		{44D90C23-C74F-49EB-979C-E6DDD18FC5FC}.Debug|x86.ActiveCfg = Debug|Win32
		{44D90C23-C74F-49EB-979C-E6DDD18FC5FC}.Debug|x86.Build.0 = Debug|Win32
		{44D90C23-C74F-49EB-979C-E6DDD18FC5FC}.MinSizeRel|x64.ActiveCfg = Release|x64
		{44D90C23-C74F-49EB-979C-E6DDD18FC5FC}.MinSizeRel|x64.Build.0 = Release|x64
		{44D90C23-C74F-49EB-979C-E6DDD18FC5FC}.MinSizeRel|x86.ActiveCfg = Release|Win32
		{44D90C23-C74F-49EB-979C-E6DDD18FC5FC}.MinSizeRel|x86.Build.0 = Release|Win32
		{44D90C23-C74F-49EB-979C-E6DDD18FC5FC}.Release|x64.ActiveCfg = Release|x64
		{44D90C23-C74F-49EB-979C-E6DDD18FC5FC}.Release|x64.Build.0 = Release|x64
		{44D90C23-C74F-49EB-979C-E6DDD18FC5FC}.Release|x86.ActiveCfg = Release|Win32
		{44D90C23-C74F-49EB-979C-E6DDD18FC5FC}.Release|x86.Build.0 = Release|Win32
		{44D90C23-C74F-49EB-979C-E6DDD18FC5FC}.RelLog|x64.ActiveCfg = Release|x64
		{44D90C23-C74F-49EB-979C-E6DDD18FC5FC}.RelLog|x64.Build.0 = Release|x64
		{44D90C23-C74F-49EB-979C-E6DDD18FC5FC}.RelLog|x86.ActiveCfg = Release|Win32
		{44D90C23-C74F-49EB-979C-E6DDD18FC5FC}.RelLog|x86.Build.0 = Release|Win32
		{44D90C23-C74F-49EB-979C-E6DDD18FC5FC}.RelWithDebInfo|x64.ActiveCfg = Release|x64
		{44D90C23-C74F-49EB-979C-E6DDD18FC5FC}.RelWithDebInfo|x64.Build.0 = Release|x64
		{44D90C23-C74F-49EB-979C-E6DDD18FC5FC}.RelWithDebInfo|x86.ActiveCfg = Release|Win32
		{44D90C23-C74F-49EB-979C-E6DDD18FC5FC}.RelWithDebInfo|x86.Build.0 = Release|Win32
		{73586B17-4CCC-4ED3-8839-1200A13F3824}.Debug|x64.ActiveCfg = Debug|x64
		{73586B17-4CCC-4ED3-8839-1200A13F3824}.Debug|x64.Build.0 = Debug|x64
		{73586B17-4CCC-4ED3-8839-1200A13F3824}.Debug|x86.ActiveCfg = Debug|Win32
		{73586B17-4CCC-4ED3-8839-1200A13F3824}.Debug|x86.Build.0 = Debug|Win32
		{73586B17-4CCC-4ED3-8839-1200A13F3824}.MinSizeRel|x64.ActiveCfg = Release|x64
		{73586B17-4CCC-4ED3-8839-1200A13F3824}.MinSizeRel|x64.Build.0 = Release|x64
		{73586B17-4CCC-4ED3-8839-1200A13F3824}.MinSizeRel|x86.ActiveCfg = Release|Win32
		{73586B17-4CCC-4ED3-8839-1200A13F3824}.MinSizeRel|x86.Build.0 = Release|Win32
		{73586B17-4CCC-4ED3-8839-1200A13F3824}.Release|x64.ActiveCfg = Release|x64
		{73586B17-4CCC-4ED3-8839-1200A13F3824}.Release|x64.Build.0 = Release|x64
		{73586B17-4CCC-4ED3-8839-1200A13F3824}.Release|x86.ActiveCfg = Release|Win32
		{73586B17-4CCC-4ED3-8839-1200A13F3824}.Release|x86.Build.0 = Release|Win32
		{73586B17-4CCC-4ED3-8839-1200A13F3824}.RelLog|x64.ActiveCfg = Release|x64
		{73586B17-4CCC-4ED3-8839-1200A13F3824}.RelLog|x64.Build.0 = Release|x64
		{73586B17-4CCC-4ED3-8839-1200A13F3824}.RelLog|x86.ActiveCfg = Release|Win32
		{73586B17-4CCC-4ED3-8839-1200A13F3824}.RelLog|x86.Build.0 = Release|Win32
		{73586B17-4CCC-4ED3-8839-1200A13F3824}.RelWithDebInfo|x64.ActiveCfg = Release|x64
		{73586B17-4CCC-4ED3-8839-1200A13F3824}.RelWithDebInfo|x64.Build.0 = Release|x64
		{73586B17-4CCC-4ED3-8839-1200A13F3824}.RelWithDebInfo|x86.ActiveCfg = Release|Win32
		{73586B17-4CCC-4ED3-8839-1200A13F3824}.RelWithDebInfo|x86.Build.0 = Release|Win32
		{877B317B-C617-3A4E-9DDC-5C86DD3FE1B9}.Debug|x64.ActiveCfg = Debug|x64
		{877B317B-C617-3A4E-9DDC-5C86DD3FE1B9}.Debug|x64.Build.0 = Debug|x64
		{877B317B-C617-3A4E-9DDC-5C86DD3FE1B9}.Debug|x86.ActiveCfg = Debug|x64
		{877B317B-C617-3A4E-9DDC-5C86DD3FE1B9}.MinSizeRel|x64.ActiveCfg = MinSizeRel|x64
		{877B317B-C617-3A4E-9DDC-5C86DD3FE1B9}.MinSizeRel|x64.Build.0 = MinSizeRel|x64
		{877B317B-C617-3A4E-9DDC-5C86DD3FE1B9}.MinSizeRel|x86.ActiveCfg = MinSizeRel|x64
		{877B317B-C617-3A4E-9DDC-5C86DD3FE1B9}.Release|x64.ActiveCfg = Release|x64
		{877B317B-C617-3A4E-9DDC-5C86DD3FE1B9}.Release|x64.Build.0 = Release|x64
		{877B317B-C617-3A4E-9DDC-5C86DD3FE1B9}.Release|x86.ActiveCfg = Release|x64
		{877B317B-C617-3A4E-9DDC-5C86DD3FE1B9}.RelLog|x64.ActiveCfg = RelLog|x64
		{877B317B-C617-3A4E-9DDC-5C86DD3FE1B9}.RelLog|x64.Build.0 = RelLog|x64
		{877B317B-C617-3A4E-9DDC-5C86DD3FE1B9}.RelLog|x86.ActiveCfg = RelLog|x64
		{877B317B-C617-3A4E-9DDC-5C86DD3FE1B9}.RelWithDebInfo|x64.ActiveCfg = RelWithDebInfo|x64
		{877B317B-C617-3A4E-9DDC-5C86DD3FE1B9}.RelWithDebInfo|x64.Build.0 = RelWithDebInfo|x64
		{877B317B-C617-3A4E-9DDC-5C86DD3FE1B9}.RelWithDebInfo|x86.ActiveCfg = Release|x64
		{1B891B21-DAF5-4C45-9DB3-3DFF968895D5}.Debug|x64.ActiveCfg = Debug|x64
		{1B891B21-DAF5-4C45-9DB3-3DFF968895D5}.Debug|x64.Build.0 = Debug|x64
		{1B891B21-DAF5-4C45-9DB3-3DFF968895D5}.Debug|x86.ActiveCfg = Debug|Win32
		{1B891B21-DAF5-4C45-9DB3-3DFF968895D5}.Debug|x86.Build.0 = Debug|Win32
		{1B891B21-DAF5-4C45-9DB3-3DFF968895D5}.MinSizeRel|x64.ActiveCfg = Release|x64
		{1B891B21-DAF5-4C45-9DB3-3DFF968895D5}.MinSizeRel|x64.Build.0 = Release|x64
		{1B891B21-DAF5-4C45-9DB3-3DFF968895D5}.MinSizeRel|x86.ActiveCfg = Release|Win32
		{1B891B21-DAF5-4C45-9DB3-3DFF968895D5}.MinSizeRel|x86.Build.0 = Release|Win32
		{1B891B21-DAF5-4C45-9DB3-3DFF968895D5}.Release|x64.ActiveCfg = Release|x64
		{1B891B21-DAF5-4C45-9DB3-3DFF968895D5}.Release|x64.Build.0 = Release|x64
		{1B891B21-DAF5-4C45-9DB3-3DFF968895D5}.Release|x86.ActiveCfg = Release|Win32
		{1B891B21-DAF5-4C45-9DB3-3DFF968895D5}.Release|x86.Build.0 = Release|Win32
		{1B891B21-DAF5-4C45-9DB3-3DFF968895D5}.RelLog|x64.ActiveCfg = Release|x64
		{1B891B21-DAF5-4C45-9DB3-3DFF968895D5}.RelLog|x64.Build.0 = Release|x64
		{1B891B21-DAF5-4C45-9DB3-3DFF968895D5}.RelLog|x86.ActiveCfg = RelLog|Win32
		{1B891B21-DAF5-4C45-9DB3-3DFF968895D5}.RelLog|x86.Build.0 = RelLog|Win32
		{1B891B21-DAF5-4C45-9DB3-3DFF968895D5}.RelWithDebInfo|x64.ActiveCfg = Release|x64
		{1B891B21-DAF5-4C45-9DB3-3DFF968895D5}.RelWithDebInfo|x64.Build.0 = Release|x64
		{1B891B21-DAF5-4C45-9DB3-3DFF968895D5}.RelWithDebInfo|x86.ActiveCfg = Release|Win32
		{1B891B21-DAF5-4C45-9DB3-3DFF968895D5}.RelWithDebInfo|x86.Build.0 = Release|Win32
	EndGlobalSection
	GlobalSection(SolutionProperties) = preSolution
		HideSolutionNode = FALSE
	EndGlobalSection
	GlobalSection(ExtensibilityGlobals) = postSolution
		SolutionGuid = {501726DF-F56D-473D-8921-201CC14F5DA0}
	EndGlobalSection
EndGlobal
